
Microsoft Visual Studio Solution File, Format Version 12.00
# Visual Studio Version 17
VisualStudioVersion = 17.5.33516.290
MinimumVisualStudioVersion = 10.0.40219.1
Project("{FAE04EC0-301F-11D3-BF4B-00C04F79EFBC}") = "midTermExam1025", "midTermExam1025\midTermExam1025.csproj", "{291403CF-2212-4DFD-AE0E-8F3BEF67C801}"
EndProject
Global
	GlobalSection(SolutionConfigurationPlatforms) = preSolution
		Debug|Any CPU = Debug|Any CPU
		Release|Any CPU = Release|Any CPU
	EndGlobalSection
	GlobalSection(ProjectConfigurationPlatforms) = postSolution
		{291403CF-2212-4DFD-AE0E-8F3BEF67C801}.Debug|Any CPU.ActiveCfg = Debug|Any CPU
		{291403CF-2212-4DFD-AE0E-8F3BEF67C801}.Debug|Any CPU.Build.0 = Debug|Any CPU
		{291403CF-2212-4DFD-AE0E-8F3BEF67C801}.Release|Any CPU.ActiveCfg = Release|Any CPU
		{291403CF-2212-4DFD-AE0E-8F3BEF67C801}.Release|Any CPU.Build.0 = Release|Any CPU
	EndGlobalSection
	GlobalSection(SolutionProperties) = preSolution
		HideSolutionNode = FALSE
	EndGlobalSection
	GlobalSection(ExtensibilityGlobals) = postSolution
		SolutionGuid = {75763705-23F5-4FCA-8532-B43122885598}
	EndGlobalSection
EndGlobal
